
Microsoft Visual Studio Solution File, Format Version 12.00
# Visual Studio Version 16
VisualStudioVersion = 16.0.30011.22
MinimumVisualStudioVersion = 10.0.40219.1
Project("{FAE04EC0-301F-11D3-BF4B-00C04F79EFBC}") = "MyShop.Core", "MyShop.Core\MyShop.Core.csproj", "{9C5CDFA8-4A9F-4D6D-81DA-5EAE574394FB}"
EndProject
Project("{FAE04EC0-301F-11D3-BF4B-00C04F79EFBC}") = "MyShop.Services", "MyShop.Services\MyShop.Services.csproj", "{C02932B1-B0AC-4341-A46C-F4C61AEAE2EA}"
EndProject
Project("{FAE04EC0-301F-11D3-BF4B-00C04F79EFBC}") = "MyShop.DataAccess.SQL", "MyShop.DataAccess.SQL\MyShop.DataAccess.SQL.csproj", "{3B78F364-0E8F-4647-9767-283416D7F6FD}"
EndProject
Project("{FAE04EC0-301F-11D3-BF4B-00C04F79EFBC}") = "MyShop.DataAccess.InMemory", "MyShop.DataAccess.InMemory\MyShop.DataAccess.InMemory.csproj", "{14A44D85-3680-42A6-B3D8-9966E58F1F40}"
EndProject
Project("{FAE04EC0-301F-11D3-BF4B-00C04F79EFBC}") = "MyShop.WebUI", "MyShop.WebUI\MyShop.WebUI.csproj", "{FF2AA9E5-1D25-4A38-B2A8-30A8AADB63E5}"
EndProject
Project("{FAE04EC0-301F-11D3-BF4B-00C04F79EFBC}") = "MyShop.WebUI.Tests", "MyShop.WebUI.Tests\MyShop.WebUI.Tests.csproj", "{C6A331A0-78EC-427E-B6BB-5FD5E48205F6}"
EndProject
Global
	GlobalSection(SolutionConfigurationPlatforms) = preSolution
		Debug|Any CPU = Debug|Any CPU
		Release|Any CPU = Release|Any CPU
	EndGlobalSection
	GlobalSection(ProjectConfigurationPlatforms) = postSolution
		{9C5CDFA8-4A9F-4D6D-81DA-5EAE574394FB}.Debug|Any CPU.ActiveCfg = Debug|Any CPU
		{9C5CDFA8-4A9F-4D6D-81DA-5EAE574394FB}.Debug|Any CPU.Build.0 = Debug|Any CPU
		{9C5CDFA8-4A9F-4D6D-81DA-5EAE574394FB}.Release|Any CPU.ActiveCfg = Release|Any CPU
		{9C5CDFA8-4A9F-4D6D-81DA-5EAE574394FB}.Release|Any CPU.Build.0 = Release|Any CPU
		{C02932B1-B0AC-4341-A46C-F4C61AEAE2EA}.Debug|Any CPU.ActiveCfg = Debug|Any CPU
		{C02932B1-B0AC-4341-A46C-F4C61AEAE2EA}.Debug|Any CPU.Build.0 = Debug|Any CPU
		{C02932B1-B0AC-4341-A46C-F4C61AEAE2EA}.Release|Any CPU.ActiveCfg = Release|Any CPU
		{C02932B1-B0AC-4341-A46C-F4C61AEAE2EA}.Release|Any CPU.Build.0 = Release|Any CPU
		{3B78F364-0E8F-4647-9767-283416D7F6FD}.Debug|Any CPU.ActiveCfg = Debug|Any CPU
		{3B78F364-0E8F-4647-9767-283416D7F6FD}.Debug|Any CPU.Build.0 = Debug|Any CPU
		{3B78F364-0E8F-4647-9767-283416D7F6FD}.Release|Any CPU.ActiveCfg = Release|Any CPU
		{3B78F364-0E8F-4647-9767-283416D7F6FD}.Release|Any CPU.Build.0 = Release|Any CPU
		{14A44D85-3680-42A6-B3D8-9966E58F1F40}.Debug|Any CPU.ActiveCfg = Debug|Any CPU
		{14A44D85-3680-42A6-B3D8-9966E58F1F40}.Debug|Any CPU.Build.0 = Debug|Any CPU
		{14A44D85-3680-42A6-B3D8-9966E58F1F40}.Release|Any CPU.ActiveCfg = Release|Any CPU
		{14A44D85-3680-42A6-B3D8-9966E58F1F40}.Release|Any CPU.Build.0 = Release|Any CPU
		{FF2AA9E5-1D25-4A38-B2A8-30A8AADB63E5}.Debug|Any CPU.ActiveCfg = Debug|Any CPU
		{FF2AA9E5-1D25-4A38-B2A8-30A8AADB63E5}.Debug|Any CPU.Build.0 = Debug|Any CPU
		{FF2AA9E5-1D25-4A38-B2A8-30A8AADB63E5}.Release|Any CPU.ActiveCfg = Release|Any CPU
		{FF2AA9E5-1D25-4A38-B2A8-30A8AADB63E5}.Release|Any CPU.Build.0 = Release|Any CPU
		{C6A331A0-78EC-427E-B6BB-5FD5E48205F6}.Debug|Any CPU.ActiveCfg = Debug|Any CPU
		{C6A331A0-78EC-427E-B6BB-5FD5E48205F6}.Debug|Any CPU.Build.0 = Debug|Any CPU
		{C6A331A0-78EC-427E-B6BB-5FD5E48205F6}.Release|Any CPU.ActiveCfg = Release|Any CPU
		{C6A331A0-78EC-427E-B6BB-5FD5E48205F6}.Release|Any CPU.Build.0 = Release|Any CPU
	EndGlobalSection
	GlobalSection(SolutionProperties) = preSolution
		HideSolutionNode = FALSE
	EndGlobalSection
	GlobalSection(ExtensibilityGlobals) = postSolution
		SolutionGuid = {8D0405EE-6A3B-43EC-A441-32B5BDD93B13}
	EndGlobalSection
EndGlobal
